
Microsoft Visual Studio Solution File, Format Version 12.00
# Visual Studio 14
VisualStudioVersion = 14.0.25420.1
MinimumVisualStudioVersion = 10.0.40219.1
Project("{FAE04EC0-301F-11D3-BF4B-00C04F79EFBC}") = "Spring.Net.Demo.Lesson1", "Spring.Net.Demo.Lesson1\Spring.Net.Demo.Lesson1.csproj", "{66459345-7FEB-4F0F-BAB3-6952F44DDA84}"
EndProject
Project("{FAE04EC0-301F-11D3-BF4B-00C04F79EFBC}") = "Spring.Net.Demo.Lesson2", "Spring.Net.Demo.Lesson2\Spring.Net.Demo.Lesson2.csproj", "{26B50AA2-0960-4506-A437-F6A7FAA0F387}"
EndProject
Project("{FAE04EC0-301F-11D3-BF4B-00C04F79EFBC}") = "Spring.Net.Demo.Lesson3", "Spring.Net.Demo.Lesson3\Spring.Net.Demo.Lesson3.csproj", "{EB742EB6-2357-4CA5-80FC-6618B29D9F23}"
EndProject
Project("{FAE04EC0-301F-11D3-BF4B-00C04F79EFBC}") = "Spring.Net.Demo.Lesson4", "Spring.Net.Demo.Lesson4\Spring.Net.Demo.Lesson4.csproj", "{C9716B57-EC18-4243-8FCE-5404F55A4067}"
EndProject
Project("{FAE04EC0-301F-11D3-BF4B-00C04F79EFBC}") = "Spring.Net.Demo.Lesson5", "Spring.Net.Demo.Lesson5\Spring.Net.Demo.Lesson5.csproj", "{770F24CC-3EA1-4130-BF07-106FAB7497E5}"
EndProject
Project("{FAE04EC0-301F-11D3-BF4B-00C04F79EFBC}") = "Spring.Net.Demo.Lesson6", "Spring.Net.Demo.Lesson6\Spring.Net.Demo.Lesson6.csproj", "{A5E949B2-D908-4412-9E19-C40AC588C99B}"
EndProject
Project("{FAE04EC0-301F-11D3-BF4B-00C04F79EFBC}") = "Spring.Net.Demo.Lesson7", "Spring.Net.Demo.Lesson7\Spring.Net.Demo.Lesson7.csproj", "{36F06984-E3D2-42F7-9B7D-E224D6D89DEF}"
EndProject
Project("{FAE04EC0-301F-11D3-BF4B-00C04F79EFBC}") = "Spring.Net.Demo.Lesson8", "Spring.Net.Demo.Lesson8\Spring.Net.Demo.Lesson8.csproj", "{FDC2CCF1-98F5-4CA6-AA8B-6D1CC3278234}"
EndProject
Project("{FAE04EC0-301F-11D3-BF4B-00C04F79EFBC}") = "Spring.Net.Demo.Lesson11", "Spring.Net.Demo.Lesson11\Spring.Net.Demo.Lesson11.csproj", "{321A7645-994D-4A8F-997C-B90A12CED2E0}"
EndProject
Project("{FAE04EC0-301F-11D3-BF4B-00C04F79EFBC}") = "SpringNetAop", "SpringNetAop\SpringNetAop.csproj", "{A90A1070-2314-4567-BC07-BA4822C6FC2D}"
EndProject
Global
	GlobalSection(SolutionConfigurationPlatforms) = preSolution
		Debug|Any CPU = Debug|Any CPU
		Release|Any CPU = Release|Any CPU
	EndGlobalSection
	GlobalSection(ProjectConfigurationPlatforms) = postSolution
		{66459345-7FEB-4F0F-BAB3-6952F44DDA84}.Debug|Any CPU.ActiveCfg = Debug|Any CPU
		{66459345-7FEB-4F0F-BAB3-6952F44DDA84}.Debug|Any CPU.Build.0 = Debug|Any CPU
		{66459345-7FEB-4F0F-BAB3-6952F44DDA84}.Release|Any CPU.ActiveCfg = Release|Any CPU
		{66459345-7FEB-4F0F-BAB3-6952F44DDA84}.Release|Any CPU.Build.0 = Release|Any CPU
		{26B50AA2-0960-4506-A437-F6A7FAA0F387}.Debug|Any CPU.ActiveCfg = Debug|Any CPU
		{26B50AA2-0960-4506-A437-F6A7FAA0F387}.Debug|Any CPU.Build.0 = Debug|Any CPU
		{26B50AA2-0960-4506-A437-F6A7FAA0F387}.Release|Any CPU.ActiveCfg = Release|Any CPU
		{26B50AA2-0960-4506-A437-F6A7FAA0F387}.Release|Any CPU.Build.0 = Release|Any CPU
		{EB742EB6-2357-4CA5-80FC-6618B29D9F23}.Debug|Any CPU.ActiveCfg = Debug|Any CPU
		{EB742EB6-2357-4CA5-80FC-6618B29D9F23}.Debug|Any CPU.Build.0 = Debug|Any CPU
		{EB742EB6-2357-4CA5-80FC-6618B29D9F23}.Release|Any CPU.ActiveCfg = Release|Any CPU
		{EB742EB6-2357-4CA5-80FC-6618B29D9F23}.Release|Any CPU.Build.0 = Release|Any CPU
		{C9716B57-EC18-4243-8FCE-5404F55A4067}.Debug|Any CPU.ActiveCfg = Debug|Any CPU
		{C9716B57-EC18-4243-8FCE-5404F55A4067}.Debug|Any CPU.Build.0 = Debug|Any CPU
		{C9716B57-EC18-4243-8FCE-5404F55A4067}.Release|Any CPU.ActiveCfg = Release|Any CPU
		{C9716B57-EC18-4243-8FCE-5404F55A4067}.Release|Any CPU.Build.0 = Release|Any CPU
		{770F24CC-3EA1-4130-BF07-106FAB7497E5}.Debug|Any CPU.ActiveCfg = Debug|Any CPU
		{770F24CC-3EA1-4130-BF07-106FAB7497E5}.Debug|Any CPU.Build.0 = Debug|Any CPU
		{770F24CC-3EA1-4130-BF07-106FAB7497E5}.Release|Any CPU.ActiveCfg = Release|Any CPU
		{770F24CC-3EA1-4130-BF07-106FAB7497E5}.Release|Any CPU.Build.0 = Release|Any CPU
		{A5E949B2-D908-4412-9E19-C40AC588C99B}.Debug|Any CPU.ActiveCfg = Debug|Any CPU
		{A5E949B2-D908-4412-9E19-C40AC588C99B}.Debug|Any CPU.Build.0 = Debug|Any CPU
		{A5E949B2-D908-4412-9E19-C40AC588C99B}.Release|Any CPU.ActiveCfg = Release|Any CPU
		{A5E949B2-D908-4412-9E19-C40AC588C99B}.Release|Any CPU.Build.0 = Release|Any CPU
		{36F06984-E3D2-42F7-9B7D-E224D6D89DEF}.Debug|Any CPU.ActiveCfg = Debug|Any CPU
		{36F06984-E3D2-42F7-9B7D-E224D6D89DEF}.Debug|Any CPU.Build.0 = Debug|Any CPU
		{36F06984-E3D2-42F7-9B7D-E224D6D89DEF}.Release|Any CPU.ActiveCfg = Release|Any CPU
		{36F06984-E3D2-42F7-9B7D-E224D6D89DEF}.Release|Any CPU.Build.0 = Release|Any CPU
		{FDC2CCF1-98F5-4CA6-AA8B-6D1CC3278234}.Debug|Any CPU.ActiveCfg = Debug|Any CPU
		{FDC2CCF1-98F5-4CA6-AA8B-6D1CC3278234}.Debug|Any CPU.Build.0 = Debug|Any CPU
		{FDC2CCF1-98F5-4CA6-AA8B-6D1CC3278234}.Release|Any CPU.ActiveCfg = Release|Any CPU
		{FDC2CCF1-98F5-4CA6-AA8B-6D1CC3278234}.Release|Any CPU.Build.0 = Release|Any CPU
		{321A7645-994D-4A8F-997C-B90A12CED2E0}.Debug|Any CPU.ActiveCfg = Debug|Any CPU
		{321A7645-994D-4A8F-997C-B90A12CED2E0}.Debug|Any CPU.Build.0 = Debug|Any CPU
		{321A7645-994D-4A8F-997C-B90A12CED2E0}.Release|Any CPU.ActiveCfg = Release|Any CPU
		{321A7645-994D-4A8F-997C-B90A12CED2E0}.Release|Any CPU.Build.0 = Release|Any CPU
		{A90A1070-2314-4567-BC07-BA4822C6FC2D}.Debug|Any CPU.ActiveCfg = Debug|Any CPU
		{A90A1070-2314-4567-BC07-BA4822C6FC2D}.Debug|Any CPU.Build.0 = Debug|Any CPU
		{A90A1070-2314-4567-BC07-BA4822C6FC2D}.Release|Any CPU.ActiveCfg = Release|Any CPU
		{A90A1070-2314-4567-BC07-BA4822C6FC2D}.Release|Any CPU.Build.0 = Release|Any CPU
	EndGlobalSection
	GlobalSection(SolutionProperties) = preSolution
		HideSolutionNode = FALSE
	EndGlobalSection
EndGlobal
