
Microsoft Visual Studio Solution File, Format Version 12.00
# Visual Studio 14
VisualStudioVersion = 14.0.25420.1
MinimumVisualStudioVersion = 10.0.40219.1
Project("{FAE04EC0-301F-11D3-BF4B-00C04F79EFBC}") = "Spring.Net.Demo.Lesson1", "Spring.Net.Demo.Lesson1\Spring.Net.Demo.Lesson1.csproj", "{66459345-7FEB-4F0F-BAB3-6952F44DDA84}"
EndProject
Project("{FAE04EC0-301F-11D3-BF4B-00C04F79EFBC}") = "Spring.Net.Demo.Lesson2", "Spring.Net.Demo.Lesson2\Spring.Net.Demo.Lesson2.csproj", "{26B50AA2-0960-4506-A437-F6A7FAA0F387}"
EndProject
Project("{FAE04EC0-301F-11D3-BF4B-00C04F79EFBC}") = "Spring.Net.Demo.Lesson3", "Spring.Net.Demo.Lesson3\Spring.Net.Demo.Lesson3.csproj", "{EB742EB6-2357-4CA5-80FC-6618B29D9F23}"
EndProject
Global
	GlobalSection(SolutionConfigurationPlatforms) = preSolution
		Debug|Any CPU = Debug|Any CPU
		Release|Any CPU = Release|Any CPU
	EndGlobalSection
	GlobalSection(ProjectConfigurationPlatforms) = postSolution
		{66459345-7FEB-4F0F-BAB3-6952F44DDA84}.Debug|Any CPU.ActiveCfg = Debug|Any CPU
		{66459345-7FEB-4F0F-BAB3-6952F44DDA84}.Debug|Any CPU.Build.0 = Debug|Any CPU
		{66459345-7FEB-4F0F-BAB3-6952F44DDA84}.Release|Any CPU.ActiveCfg = Release|Any CPU
		{66459345-7FEB-4F0F-BAB3-6952F44DDA84}.Release|Any CPU.Build.0 = Release|Any CPU
		{26B50AA2-0960-4506-A437-F6A7FAA0F387}.Debug|Any CPU.ActiveCfg = Debug|Any CPU
		{26B50AA2-0960-4506-A437-F6A7FAA0F387}.Debug|Any CPU.Build.0 = Debug|Any CPU
		{26B50AA2-0960-4506-A437-F6A7FAA0F387}.Release|Any CPU.ActiveCfg = Release|Any CPU
		{26B50AA2-0960-4506-A437-F6A7FAA0F387}.Release|Any CPU.Build.0 = Release|Any CPU
		{EB742EB6-2357-4CA5-80FC-6618B29D9F23}.Debug|Any CPU.ActiveCfg = Debug|Any CPU
		{EB742EB6-2357-4CA5-80FC-6618B29D9F23}.Debug|Any CPU.Build.0 = Debug|Any CPU
		{EB742EB6-2357-4CA5-80FC-6618B29D9F23}.Release|Any CPU.ActiveCfg = Release|Any CPU
		{EB742EB6-2357-4CA5-80FC-6618B29D9F23}.Release|Any CPU.Build.0 = Release|Any CPU
	EndGlobalSection
	GlobalSection(SolutionProperties) = preSolution
		HideSolutionNode = FALSE
	EndGlobalSection
EndGlobal
